
Microsoft Visual Studio Solution File, Format Version 12.00
# Visual Studio Version 16
VisualStudioVersion = 16.0.30804.86
MinimumVisualStudioVersion = 10.0.40219.1
Project("{FAE04EC0-301F-11D3-BF4B-00C04F79EFBC}") = "PrimeApps_Beta.Android", "PrimeApps_Beta\PrimeApps_Beta.Android\PrimeApps_Beta.Android.csproj", "{3F015380-9308-4990-A416-B9EB03057AC8}"
EndProject
Project("{FAE04EC0-301F-11D3-BF4B-00C04F79EFBC}") = "PrimeApps_Beta.iOS", "PrimeApps_Beta\PrimeApps_Beta.iOS\PrimeApps_Beta.iOS.csproj", "{995C1D41-120D-438A-A15B-BE5CB76F61C0}"
EndProject
Project("{9A19103F-16F7-4668-BE54-9A1E7A4F7556}") = "PrimeApps_Beta", "PrimeApps_Beta\PrimeApps_Beta\PrimeApps_Beta.csproj", "{14F78FF6-935C-4B09-9633-BD8061C478C3}"
EndProject
Global
	GlobalSection(SolutionConfigurationPlatforms) = preSolution
		Debug|Any CPU = Debug|Any CPU
		Debug|iPhone = Debug|iPhone
		Debug|iPhoneSimulator = Debug|iPhoneSimulator
		Release|Any CPU = Release|Any CPU
		Release|iPhone = Release|iPhone
		Release|iPhoneSimulator = Release|iPhoneSimulator
	EndGlobalSection
	GlobalSection(ProjectConfigurationPlatforms) = postSolution
		{3F015380-9308-4990-A416-B9EB03057AC8}.Debug|Any CPU.ActiveCfg = Debug|Any CPU
		{3F015380-9308-4990-A416-B9EB03057AC8}.Debug|Any CPU.Build.0 = Debug|Any CPU
		{3F015380-9308-4990-A416-B9EB03057AC8}.Debug|Any CPU.Deploy.0 = Debug|Any CPU
		{3F015380-9308-4990-A416-B9EB03057AC8}.Debug|iPhone.ActiveCfg = Debug|Any CPU
		{3F015380-9308-4990-A416-B9EB03057AC8}.Debug|iPhone.Build.0 = Debug|Any CPU
		{3F015380-9308-4990-A416-B9EB03057AC8}.Debug|iPhone.Deploy.0 = Debug|Any CPU
		{3F015380-9308-4990-A416-B9EB03057AC8}.Debug|iPhoneSimulator.ActiveCfg = Debug|Any CPU
		{3F015380-9308-4990-A416-B9EB03057AC8}.Debug|iPhoneSimulator.Build.0 = Debug|Any CPU
		{3F015380-9308-4990-A416-B9EB03057AC8}.Debug|iPhoneSimulator.Deploy.0 = Debug|Any CPU
		{3F015380-9308-4990-A416-B9EB03057AC8}.Release|Any CPU.ActiveCfg = Release|Any CPU
		{3F015380-9308-4990-A416-B9EB03057AC8}.Release|Any CPU.Build.0 = Release|Any CPU
		{3F015380-9308-4990-A416-B9EB03057AC8}.Release|Any CPU.Deploy.0 = Release|Any CPU
		{3F015380-9308-4990-A416-B9EB03057AC8}.Release|iPhone.ActiveCfg = Release|Any CPU
		{3F015380-9308-4990-A416-B9EB03057AC8}.Release|iPhone.Build.0 = Release|Any CPU
		{3F015380-9308-4990-A416-B9EB03057AC8}.Release|iPhone.Deploy.0 = Release|Any CPU
		{3F015380-9308-4990-A416-B9EB03057AC8}.Release|iPhoneSimulator.ActiveCfg = Release|Any CPU
		{3F015380-9308-4990-A416-B9EB03057AC8}.Release|iPhoneSimulator.Build.0 = Release|Any CPU
		{3F015380-9308-4990-A416-B9EB03057AC8}.Release|iPhoneSimulator.Deploy.0 = Release|Any CPU
		{995C1D41-120D-438A-A15B-BE5CB76F61C0}.Debug|Any CPU.ActiveCfg = Debug|iPhone
		{995C1D41-120D-438A-A15B-BE5CB76F61C0}.Debug|Any CPU.Deploy.0 = Debug|iPhone
		{995C1D41-120D-438A-A15B-BE5CB76F61C0}.Debug|iPhone.ActiveCfg = Debug|iPhone
		{995C1D41-120D-438A-A15B-BE5CB76F61C0}.Debug|iPhone.Build.0 = Debug|iPhone
		{995C1D41-120D-438A-A15B-BE5CB76F61C0}.Debug|iPhone.Deploy.0 = Debug|iPhone
		{995C1D41-120D-438A-A15B-BE5CB76F61C0}.Debug|iPhoneSimulator.ActiveCfg = Debug|iPhoneSimulator
		{995C1D41-120D-438A-A15B-BE5CB76F61C0}.Debug|iPhoneSimulator.Deploy.0 = Debug|iPhoneSimulator
		{995C1D41-120D-438A-A15B-BE5CB76F61C0}.Release|Any CPU.ActiveCfg = Release|iPhoneSimulator
		{995C1D41-120D-438A-A15B-BE5CB76F61C0}.Release|Any CPU.Deploy.0 = Release|iPhoneSimulator
		{995C1D41-120D-438A-A15B-BE5CB76F61C0}.Release|iPhone.ActiveCfg = Release|iPhone
		{995C1D41-120D-438A-A15B-BE5CB76F61C0}.Release|iPhone.Build.0 = Release|iPhone
		{995C1D41-120D-438A-A15B-BE5CB76F61C0}.Release|iPhone.Deploy.0 = Release|iPhone
		{995C1D41-120D-438A-A15B-BE5CB76F61C0}.Release|iPhoneSimulator.ActiveCfg = Release|iPhoneSimulator
		{995C1D41-120D-438A-A15B-BE5CB76F61C0}.Release|iPhoneSimulator.Build.0 = Release|iPhoneSimulator
		{995C1D41-120D-438A-A15B-BE5CB76F61C0}.Release|iPhoneSimulator.Deploy.0 = Release|iPhoneSimulator
		{14F78FF6-935C-4B09-9633-BD8061C478C3}.Debug|Any CPU.ActiveCfg = Debug|Any CPU
		{14F78FF6-935C-4B09-9633-BD8061C478C3}.Debug|Any CPU.Build.0 = Debug|Any CPU
		{14F78FF6-935C-4B09-9633-BD8061C478C3}.Debug|Any CPU.Deploy.0 = Debug|Any CPU
		{14F78FF6-935C-4B09-9633-BD8061C478C3}.Debug|iPhone.ActiveCfg = Debug|Any CPU
		{14F78FF6-935C-4B09-9633-BD8061C478C3}.Debug|iPhone.Build.0 = Debug|Any CPU
		{14F78FF6-935C-4B09-9633-BD8061C478C3}.Debug|iPhone.Deploy.0 = Debug|Any CPU
		{14F78FF6-935C-4B09-9633-BD8061C478C3}.Debug|iPhoneSimulator.ActiveCfg = Debug|Any CPU
		{14F78FF6-935C-4B09-9633-BD8061C478C3}.Debug|iPhoneSimulator.Build.0 = Debug|Any CPU
		{14F78FF6-935C-4B09-9633-BD8061C478C3}.Debug|iPhoneSimulator.Deploy.0 = Debug|Any CPU
		{14F78FF6-935C-4B09-9633-BD8061C478C3}.Release|Any CPU.ActiveCfg = Release|Any CPU
		{14F78FF6-935C-4B09-9633-BD8061C478C3}.Release|Any CPU.Build.0 = Release|Any CPU
		{14F78FF6-935C-4B09-9633-BD8061C478C3}.Release|Any CPU.Deploy.0 = Release|Any CPU
		{14F78FF6-935C-4B09-9633-BD8061C478C3}.Release|iPhone.ActiveCfg = Release|Any CPU
		{14F78FF6-935C-4B09-9633-BD8061C478C3}.Release|iPhone.Build.0 = Release|Any CPU
		{14F78FF6-935C-4B09-9633-BD8061C478C3}.Release|iPhone.Deploy.0 = Release|Any CPU
		{14F78FF6-935C-4B09-9633-BD8061C478C3}.Release|iPhoneSimulator.ActiveCfg = Release|Any CPU
		{14F78FF6-935C-4B09-9633-BD8061C478C3}.Release|iPhoneSimulator.Build.0 = Release|Any CPU
		{14F78FF6-935C-4B09-9633-BD8061C478C3}.Release|iPhoneSimulator.Deploy.0 = Release|Any CPU
	EndGlobalSection
	GlobalSection(SolutionProperties) = preSolution
		HideSolutionNode = FALSE
	EndGlobalSection
	GlobalSection(ExtensibilityGlobals) = postSolution
		SolutionGuid = {B653F293-395E-430B-B2A2-767AC9BA8AB1}
	EndGlobalSection
EndGlobal
